{
  "name": "e-commerce",
  "version": "1.0.0",
  "lockfileVersion": 3,
  "requires": true,
  "packages": {
    "": {
      "name": "e-commerce",
      "version": "1.0.0",
      "license": "ISC",
      "dependencies": {
        "fslightbox": "^3.7.5"
      }
    },
    "node_modules/fslightbox": {
      "version": "3.7.5",
      "resolved": "https://registry.npmjs.org/fslightbox/-/fslightbox-3.7.5.tgz",
      "integrity": "sha512-swEUrwMOyiBhdkPf3GXj4nxARX5d8/9yfVCdxgPLl9+ZMiacUTub9O2wxLI0Y2G2jI85Qxfqpv2I24vlbx0zfg==",
      "license": "MIT"
    }
  }
}
